
Microsoft Visual Studio Solution File, Format Version 12.00
# Visual Studio Version 16
VisualStudioVersion = 16.0.808.0
MinimumVisualStudioVersion = 10.0.40219.1
Project("{FAE04EC0-301F-11D3-BF4B-00C04F79EFBC}") = "Console1", "Console1\Console1.csproj", "{B116A45A-CCA7-444D-8A45-0EEB3561A3F2}"
EndProject
Global
	GlobalSection(SolutionConfigurationPlatforms) = preSolution
		Debug|Any CPU = Debug|Any CPU
		Release|Any CPU = Release|Any CPU
	EndGlobalSection
	GlobalSection(ProjectConfigurationPlatforms) = postSolution
		{B116A45A-CCA7-444D-8A45-0EEB3561A3F2}.Debug|Any CPU.ActiveCfg = Debug|Any CPU
		{B116A45A-CCA7-444D-8A45-0EEB3561A3F2}.Debug|Any CPU.Build.0 = Debug|Any CPU
		{B116A45A-CCA7-444D-8A45-0EEB3561A3F2}.Release|Any CPU.ActiveCfg = Release|Any CPU
		{B116A45A-CCA7-444D-8A45-0EEB3561A3F2}.Release|Any CPU.Build.0 = Release|Any CPU
	EndGlobalSection
	GlobalSection(SolutionProperties) = preSolution
		HideSolutionNode = FALSE
	EndGlobalSection
	GlobalSection(ExtensibilityGlobals) = postSolution
		SolutionGuid = {C171D390-4948-4D54-9E9F-F3508FB4BE89}
	EndGlobalSection
EndGlobal
