
Microsoft Visual Studio Solution File, Format Version 12.00
# Visual Studio Version 16
VisualStudioVersion = 16.0.808.0
MinimumVisualStudioVersion = 10.0.40219.1
Project("{FAE04EC0-301F-11D3-BF4B-00C04F79EFBC}") = "Console1", "Console1.csproj", "{CF66B7DA-CE3C-441A-8207-44FDF6EE53FF}"
EndProject
Global
	GlobalSection(SolutionConfigurationPlatforms) = preSolution
		Debug|Any CPU = Debug|Any CPU
		Release|Any CPU = Release|Any CPU
	EndGlobalSection
	GlobalSection(ProjectConfigurationPlatforms) = postSolution
		{CF66B7DA-CE3C-441A-8207-44FDF6EE53FF}.Debug|Any CPU.ActiveCfg = Debug|Any CPU
		{CF66B7DA-CE3C-441A-8207-44FDF6EE53FF}.Debug|Any CPU.Build.0 = Debug|Any CPU
		{CF66B7DA-CE3C-441A-8207-44FDF6EE53FF}.Release|Any CPU.ActiveCfg = Release|Any CPU
		{CF66B7DA-CE3C-441A-8207-44FDF6EE53FF}.Release|Any CPU.Build.0 = Release|Any CPU
	EndGlobalSection
	GlobalSection(SolutionProperties) = preSolution
		HideSolutionNode = FALSE
	EndGlobalSection
	GlobalSection(ExtensibilityGlobals) = postSolution
		SolutionGuid = {70B5E592-981C-47A9-A3EA-07AEDA3E61D3}
	EndGlobalSection
EndGlobal
